[[package]]
name = "astroid"
version = "2.15.1"
description = "An abstract syntax tree for Python with inference support."
category = "dev"
optional = false
python-versions = ">=3.7.2"

[package.dependencies]
lazy-object-proxy = ">=1.4.0"
typing-extensions = {version = ">=4.0.0", markers = "python_version < \"3.11\""}
wrapt = [
    {version = ">=1.11,<2", markers = "python_version < \"3.11\""},
    {version = ">=1.14,<2", markers = "python_version >= \"3.11\""},
]

[[package]]
name = "astropy"
version = "5.2.2"
description = "Astronomy and astrophysics core library"
category = "main"
optional = false
python-versions = ">=3.8"

[package.dependencies]
numpy = ">=1.20"
packaging = ">=19.0"
pyerfa = ">=2.0"
PyYAML = ">=3.13"

[package.extras]
all = ["scipy (>=1.5)", "matplotlib (>=3.1,!=3.4.0,!=3.5.2)", "certifi", "dask", "h5py", "pyarrow (>=5.0.0)", "beautifulsoup4", "html5lib", "bleach", "pandas", "sortedcontainers", "pytz", "jplephem", "mpmath", "asdf (>=2.10.0)", "bottleneck", "ipython (>=4.2)", "pytest (>=7.0)", "typing-extensions (>=3.10.0.1)", "fsspec[http] (>=2022.8.2)", "s3fs (>=2022.8.2)"]
docs = ["sphinx", "sphinx-astropy (>=1.6)", "pytest (>=7.0)", "scipy (>=1.3)", "matplotlib (>=3.1,!=3.4.0,!=3.5.2)", "sphinx-changelog (>=1.2.0)", "Jinja2 (>=3.0)"]
recommended = ["scipy (>=1.5)", "matplotlib (>=3.1,!=3.4.0,!=3.5.2)"]
test = ["pytest (>=7.0)", "pytest-doctestplus (>=0.12)", "pytest-astropy-header (>=0.2.1)", "pytest-astropy (>=0.10)", "pytest-xdist"]
test_all = ["pytest (>=7.0)", "pytest-doctestplus (>=0.12)", "pytest-astropy-header (>=0.2.1)", "pytest-astropy (>=0.10)", "pytest-xdist", "objgraph", "ipython (>=4.2)", "coverage", "skyfield (>=1.20)", "sgp4 (>=2.3)"]

[[package]]
name = "attrs"
version = "22.2.0"
description = "Classes Without Boilerplate"
category = "main"
optional = false
python-versions = ">=3.6"

[package.extras]
cov = ["attrs", "coverage-enable-subprocess", "coverage[toml] (>=5.3)"]
dev = ["attrs"]
docs = ["furo", "sphinx", "myst-parser", "zope.interface", "sphinx-notfound-page", "sphinxcontrib-towncrier", "towncrier"]
tests = ["attrs", "zope.interface"]
tests-no-zope = ["hypothesis", "pympler", "pytest (>=4.3.0)", "pytest-xdist", "cloudpickle", "mypy (>=0.971,<0.990)", "pytest-mypy-plugins"]
tests_no_zope = ["hypothesis", "pympler", "pytest (>=4.3.0)", "pytest-xdist", "cloudpickle", "mypy (>=0.971,<0.990)", "pytest-mypy-plugins"]

[[package]]
name = "black"
version = "22.12.0"
description = "The uncompromising code formatter."
category = "dev"
optional = false
python-versions = ">=3.7"

[package.dependencies]
click = ">=8.0.0"
mypy-extensions = ">=0.4.3"
pathspec = ">=0.9.0"
platformdirs = ">=2"
tomli = {version = ">=1.1.0", markers = "python_full_version < \"3.11.0a7\""}

[package.extras]
colorama = ["colorama (>=0.4.3)"]
d = ["aiohttp (>=3.7.4)"]
jupyter = ["ipython (>=7.8.0)", "tokenize-rt (>=3.2.0)"]
uvloop = ["uvloop (>=0.15.2)"]

[[package]]
name = "certifi"
version = "2022.12.7"
description = "Python package for providing Mozilla's CA Bundle."
category = "main"
optional = false
python-versions = ">=3.6"

[[package]]
name = "chardet"
version = "4.0.0"
description = "Universal encoding detector for Python 2 and 3"
category = "main"
optional = false
python-versions = ">=2.7, !=3.0.*, !=3.1.*, !=3.2.*, !=3.3.*, !=3.4.*"

[[package]]
name = "charset-normalizer"
version = "3.1.0"
description = "The Real First Universal Charset Detector. Open, modern and actively maintained alternative to Chardet."
category = "main"
optional = false
python-versions = ">=3.7.0"

[[package]]
name = "click"
version = "8.1.3"
description = "Composable command line interface toolkit"
category = "main"
optional = false
python-versions = ">=3.7"

[package.dependencies]
colorama = {version = "*", markers = "platform_system == \"Windows\""}

[[package]]
name = "clickclick"
version = "20.10.2"
description = "Click utility functions"
category = "main"
optional = false
python-versions = "*"

[package.dependencies]
click = ">=4.0"
PyYAML = ">=3.11"

[[package]]
name = "colorama"
version = "0.4.6"
description = "Cross-platform colored terminal text."
category = "main"
optional = false
python-versions = "!=3.0.*,!=3.1.*,!=3.2.*,!=3.3.*,!=3.4.*,!=3.5.*,!=3.6.*,>=2.7"

[[package]]
name = "connexion"
version = "2.14.2"
description = "Connexion - API first applications with OpenAPI/Swagger and Flask"
category = "main"
optional = false
python-versions = ">=3.6"

[package.dependencies]
clickclick = ">=1.2,<21"
flask = ">=1.0.4,<2.3"
inflection = ">=0.3.1,<0.6"
itsdangerous = ">=0.24"
jsonschema = ">=2.5.1,<5"
packaging = ">=20"
PyYAML = ">=5.1,<7"
requests = ">=2.9.1,<3"
werkzeug = ">=1.0,<2.3"

[package.extras]
aiohttp = ["aiohttp (>=2.3.10,<4)", "aiohttp-jinja2 (>=0.14.0,<2)", "MarkupSafe (>=0.23)"]
docs = ["sphinx-autoapi (==1.8.1)"]
flask = ["flask (>=1.0.4,<2.3)", "itsdangerous (>=0.24)"]
swagger-ui = ["swagger-ui-bundle (>=0.0.2,<0.1)"]
tests = ["decorator (>=5,<6)", "pytest (>=6,<7)", "pytest-cov (>=2,<3)", "testfixtures (>=6,<7)", "flask (>=1.0.4,<2.3)", "itsdangerous (>=0.24)", "swagger-ui-bundle (>=0.0.2,<0.1)", "aiohttp (>=2.3.10,<4)", "aiohttp-jinja2 (>=0.14.0,<2)", "MarkupSafe (>=0.23)", "pytest-aiohttp", "aiohttp-remotes"]

[[package]]
name = "coverage"
version = "6.5.0"
description = "Code coverage measurement for Python"
category = "dev"
optional = false
python-versions = ">=3.7"

[package.dependencies]
tomli = {version = "*", optional = true, markers = "python_full_version <= \"3.11.0a6\" and extra == \"toml\""}

[package.extras]
toml = ["tomli"]

[[package]]
name = "dill"
version = "0.3.6"
description = "serialize all of python"
category = "dev"
optional = false
python-versions = ">=3.7"

[package.extras]
graph = ["objgraph (>=1.7.2)"]

[[package]]
name = "exceptiongroup"
version = "1.1.1"
description = "Backport of PEP 654 (exception groups)"
category = "dev"
optional = false
python-versions = ">=3.7"

[package.extras]
test = ["pytest (>=6)"]

[[package]]
name = "fire"
version = "0.4.0"
description = "A library for automatically generating command line interfaces."
category = "main"
optional = false
python-versions = "*"

[package.dependencies]
six = "*"
termcolor = "*"

[[package]]
name = "flake8"
version = "6.0.0"
description = "the modular source code checker: pep8 pyflakes and co"
category = "dev"
optional = false
python-versions = ">=3.8.1"

[package.dependencies]
mccabe = ">=0.7.0,<0.8.0"
pycodestyle = ">=2.10.0,<2.11.0"
pyflakes = ">=3.0.0,<3.1.0"

[[package]]
name = "flask"
version = "2.2.3"
description = "A simple framework for building complex web applications."
category = "main"
optional = false
python-versions = ">=3.7"

[package.dependencies]
click = ">=8.0"
itsdangerous = ">=2.0"
Jinja2 = ">=3.0"
Werkzeug = ">=2.2.2"

[package.extras]
async = ["asgiref (>=3.2)"]
dotenv = ["python-dotenv"]

[[package]]
name = "gitdb"
version = "4.0.10"
description = "Git Object Database"
category = "main"
optional = false
python-versions = ">=3.7"

[package.dependencies]
smmap = ">=3.0.1,<6"

[[package]]
name = "gitpython"
version = "3.1.31"
description = "GitPython is a Python library used to interact with Git repositories"
category = "main"
optional = false
python-versions = ">=3.7"

[package.dependencies]
gitdb = ">=4.0.1,<5"

[[package]]
name = "gunicorn"
version = "20.1.0"
description = "WSGI HTTP Server for UNIX"
category = "main"
optional = false
python-versions = ">=3.5"

[package.extras]
eventlet = ["eventlet (>=0.24.1)"]
gevent = ["gevent (>=1.4.0)"]
setproctitle = ["setproctitle"]
tornado = ["tornado (>=0.2)"]

[[package]]
name = "idna"
version = "3.4"
description = "Internationalized Domain Names in Applications (IDNA)"
category = "main"
optional = false
python-versions = ">=3.5"

[[package]]
name = "inflection"
version = "0.5.1"
description = "A port of Ruby on Rails inflector to Python"
category = "main"
optional = false
python-versions = ">=3.5"

[[package]]
name = "iniconfig"
version = "2.0.0"
description = "brain-dead simple config-ini parsing"
category = "dev"
optional = false
python-versions = ">=3.7"

[[package]]
name = "isort"
version = "5.12.0"
description = "A Python utility / library to sort Python imports."
category = "dev"
optional = false
python-versions = ">=3.8.0"

[package.extras]
colors = ["colorama (>=0.4.3)"]
requirements-deprecated-finder = ["pip-api", "pipreqs"]
pipfile-deprecated-finder = ["pip-shims (>=0.5.2)", "pipreqs", "requirementslib"]
plugins = ["setuptools"]

[[package]]
name = "itsdangerous"
version = "2.1.2"
description = "Safely pass data to untrusted environments and back."
category = "main"
optional = false
python-versions = ">=3.7"

[[package]]
name = "jinja2"
version = "3.1.2"
description = "A very fast and expressive template engine."
category = "main"
optional = false
python-versions = ">=3.7"

[package.dependencies]
MarkupSafe = ">=2.0"

[package.extras]
i18n = ["Babel (>=2.7)"]

[[package]]
name = "jsonpickle"
version = "2.2.0"
description = "Python library for serializing any arbitrary object graph into JSON"
category = "main"
optional = false
python-versions = ">=2.7"

[package.extras]
testing = ["pytest-flake8 (>=1.1.1)", "jsonlib", "enum34", "pytest-flake8 (<1.1.0)", "sqlalchemy", "scikit-learn", "pymongo", "pandas", "numpy", "feedparser", "ecdsa", "pytest-cov", "pytest-black-multipy", "pytest-checkdocs (>=1.2.3)", "pytest (>=3.5,!=3.7.3)"]
"testing.libs" = ["yajl", "ujson", "simplejson"]
docs = ["rst.linker (>=1.9)", "jaraco.packaging (>=3.2)", "sphinx"]

[[package]]
name = "jsonschema"
version = "4.17.3"
description = "An implementation of JSON Schema validation for Python"
category = "main"
optional = false
python-versions = ">=3.7"

[package.dependencies]
attrs = ">=17.4.0"
pyrsistent = ">=0.14.0,<0.17.0 || >0.17.0,<0.17.1 || >0.17.1,<0.17.2 || >0.17.2"

[package.extras]
format = ["fqdn", "idna", "isoduration", "jsonpointer (>1.13)", "rfc3339-validator", "rfc3987", "uri-template", "webcolors (>=1.11)"]
format-nongpl = ["fqdn", "idna", "isoduration", "jsonpointer (>1.13)", "rfc3339-validator", "rfc3986-validator (>0.1.0)", "uri-template", "webcolors (>=1.11)"]

[[package]]
name = "jsonschema-spec"
version = "0.1.4"
description = "JSONSchema Spec with object-oriented paths"
category = "main"
optional = false
python-versions = ">=3.7.0,<4.0.0"

[package.dependencies]
jsonschema = ">=4.0.0,<4.18.0"
pathable = ">=0.4.1,<0.5.0"
PyYAML = ">=5.1"
typing-extensions = ">=4.3.0,<5.0.0"

[[package]]
name = "junit-xml-2"
version = "1.9"
description = "Fork of https://github.com/kyrus/python-junit-xml that has tarball published to pypi"
category = "dev"
optional = false
python-versions = "*"

[package.dependencies]
six = "*"

[[package]]
name = "lazy-object-proxy"
version = "1.9.0"
description = "A fast and thorough lazy object proxy."
category = "main"
optional = false
python-versions = ">=3.7"

[[package]]
name = "mako"
version = "1.2.4"
description = "A super-fast templating language that borrows the best ideas from the existing templating languages."
category = "dev"
optional = false
python-versions = ">=3.7"

[package.dependencies]
MarkupSafe = ">=0.9.2"

[package.extras]
babel = ["babel"]
lingua = ["lingua"]
testing = ["pytest"]

[[package]]
name = "markupsafe"
version = "2.1.2"
description = "Safely add untrusted strings to HTML/XML markup."
category = "main"
optional = false
python-versions = ">=3.7"

[[package]]
name = "marshmallow"
version = "3.19.0"
description = "A lightweight library for converting complex datatypes to and from native Python datatypes."
category = "main"
optional = false
python-versions = ">=3.7"

[package.dependencies]
packaging = ">=17.0"

[package.extras]
dev = ["pytest", "pytz", "simplejson", "mypy (==0.990)", "flake8 (==5.0.4)", "flake8-bugbear (==22.10.25)", "pre-commit (>=2.4,<3.0)", "tox"]
docs = ["sphinx (==5.3.0)", "sphinx-issues (==3.0.1)", "alabaster (==0.7.12)", "sphinx-version-warning (==1.1.2)", "autodocsumm (==0.2.9)"]
lint = ["mypy (==0.990)", "flake8 (==5.0.4)", "flake8-bugbear (==22.10.25)", "pre-commit (>=2.4,<3.0)"]
tests = ["pytest", "pytz", "simplejson"]

[[package]]
name = "marshmallow-enum"
version = "1.5.1"
description = "Enum field for Marshmallow"
category = "main"
optional = false
python-versions = "*"

[package.dependencies]
marshmallow = ">=2.0.0"

[[package]]
name = "marshmallow-oneofschema"
version = "3.0.1"
description = "marshmallow multiplexing schema"
category = "main"
optional = false
python-versions = ">=3.6"

[package.dependencies]
marshmallow = ">=3.0.0,<4.0.0"

[package.extras]
dev = ["pytest", "mock", "flake8 (==3.9.2)", "flake8-bugbear (==21.4.3)", "pre-commit (>=2.7,<3.0)", "tox"]
lint = ["flake8 (==3.9.2)", "flake8-bugbear (==21.4.3)", "pre-commit (>=2.7,<3.0)"]
tests = ["pytest", "mock"]

[[package]]
name = "mccabe"
version = "0.7.0"
description = "McCabe checker, plugin for flake8"
category = "dev"
optional = false
python-versions = ">=3.6"

[[package]]
name = "mistune"
version = "0.8.4"
description = "The fastest markdown parser in pure Python"
category = "main"
optional = false
python-versions = "*"

[[package]]
name = "mock"
version = "4.0.3"
description = "Rolling backport of unittest.mock for all Pythons"
category = "dev"
optional = false
python-versions = ">=3.6"

[package.extras]
build = ["twine", "wheel", "blurb"]
docs = ["sphinx"]
test = ["pytest (<5.4)", "pytest-cov"]

[[package]]
name = "mypy-extensions"
version = "1.0.0"
description = "Type system extensions for programs checked with the mypy type checker."
category = "dev"
optional = false
python-versions = ">=3.5"

[[package]]
name = "numpy"
version = "1.24.2"
description = "Fundamental package for array computing in Python"
category = "main"
optional = false
python-versions = ">=3.8"

[[package]]
name = "openapi-schema-validator"
version = "0.4.4"
description = "OpenAPI schema validation for Python"
category = "main"
optional = false
python-versions = ">=3.7.0,<4.0.0"

[package.dependencies]
jsonschema = ">=4.0.0,<4.18.0"
rfc3339-validator = "*"

[package.extras]
docs = ["sphinx (>=5.3.0,<6.0.0)", "sphinx-immaterial (>=0.11.0,<0.12.0)"]

[[package]]
name = "openapi-spec-validator"
version = "0.5.6"
description = "OpenAPI 2.0 (aka Swagger) and OpenAPI 3 spec validator"
category = "main"
optional = false
python-versions = ">=3.7.0,<4.0.0"

[package.dependencies]
jsonschema = ">=4.0.0,<4.18.0"
jsonschema-spec = ">=0.1.1,<0.2.0"
lazy-object-proxy = ">=1.7.1,<2.0.0"
openapi-schema-validator = ">=0.4.2,<0.5.0"

[package.extras]
requests = ["requests"]
docs = ["sphinx (>=5.3.0,<6.0.0)", "sphinx-immaterial (>=0.11.0,<0.12.0)"]

[[package]]
name = "packaging"
version = "21.3"
description = "Core utilities for Python packages"
category = "main"
optional = false
python-versions = ">=3.6"

[package.dependencies]
pyparsing = ">=2.0.2,<3.0.5 || >3.0.5"

[[package]]
name = "parse"
version = "1.19.0"
description = "parse() is the opposite of format()"
category = "dev"
optional = false
python-versions = "*"

[[package]]
name = "parse-type"
version = "0.6.0"
description = "Simplifies to build parse types based on the parse module"
category = "dev"
optional = false
python-versions = ">=2.7, !=3.0.*, !=3.1.*"

[package.dependencies]
parse = {version = ">=1.18.0", markers = "python_version >= \"3.0\""}
six = ">=1.11"

[package.extras]
develop = ["coverage (>=4.4)", "pytest-html (>=1.19.0)", "pytest-cov", "tox (>=2.8)", "pytest (<5.0)", "pytest (>=5.0)"]
docs = ["sphinx (>=1.2)"]

[[package]]
name = "pathable"
version = "0.4.3"
description = "Object-oriented paths"
category = "main"
optional = false
python-versions = ">=3.7.0,<4.0.0"

[[package]]
name = "pathspec"
version = "0.11.1"
description = "Utility library for gitignore style pattern matching of file paths."
category = "dev"
optional = false
python-versions = ">=3.7"

[[package]]
name = "platformdirs"
version = "3.2.0"
description = "A small Python package for determining appropriate platform-specific dirs, e.g. a \"user data dir\"."
category = "dev"
optional = false
python-versions = ">=3.7"

[package.extras]
docs = ["furo (>=2022.12.7)", "proselint (>=0.13)", "sphinx-autodoc-typehints (>=1.22,!=1.23.4)", "sphinx (>=6.1.3)"]
test = ["appdirs (==1.4.4)", "covdefaults (>=2.3)", "pytest-cov (>=4)", "pytest-mock (>=3.10)", "pytest (>=7.2.2)"]

[[package]]
name = "pluggy"
version = "1.0.0"
description = "plugin and hook calling mechanisms for python"
category = "dev"
optional = false
python-versions = ">=3.6"

[package.extras]
dev = ["pre-commit", "tox"]
testing = ["pytest", "pytest-benchmark"]

[[package]]
name = "prance"
version = "0.22.11.4.0"
description = "Resolving Swagger/OpenAPI 2.0 and 3.0.0 Parser"
category = "main"
optional = false
python-versions = ">=3.6"

[package.dependencies]
chardet = ">=3.0,<5.0"
openapi-spec-validator = {version = ">=0.5.1,<0.6.0", optional = true, markers = "extra == \"osv\""}
packaging = ">=21.3,<22.0"
requests = ">=2.25,<3.0"
"ruamel.yaml" = ">=0.17.10,<0.18.0"
semver = ">=2.13,<3.0"
six = ">=1.15,<2.0"

[package.extras]
cli = ["click (>=7.0,<8.0)"]
dev = ["tox (>=3.4)", "bumpversion (>=0.6)", "pytest (>=6.1)", "pytest-cov (>=2.11)", "sphinx (>=3.4)", "towncrier (>=19.2)"]
flex = ["flex (>=6.13,<7.0)"]
icu = ["PyICU (>=2.4,<3.0)"]
osv = ["openapi-spec-validator (>=0.5.1,<0.6.0)"]
ssv = ["swagger-spec-validator (>=2.4,<3.0)"]

[[package]]
name = "psutil"
version = "5.9.4"
description = "Cross-platform lib for process and system monitoring in Python."
category = "main"
optional = false
python-versions = ">=2.7, !=3.0.*, !=3.1.*, !=3.2.*, !=3.3.*"

[package.extras]
test = ["ipaddress", "mock", "enum34", "pywin32", "wmi"]

[[package]]
name = "psycopg"
version = "3.1.8"
description = "PostgreSQL database adapter for Python"
category = "main"
optional = false
python-versions = ">=3.7"

[package.dependencies]
psycopg-binary = {version = ">=3.1.6,<=3.1.8", optional = true, markers = "extra == \"binary\""}
typing-extensions = ">=4.1"
tzdata = {version = "*", markers = "sys_platform == \"win32\""}

[package.extras]
binary = ["psycopg-binary (>=3.1.6,<=3.1.8)"]
c = ["psycopg-c (>=3.1.6,<=3.1.8)"]
dev = ["black (>=22.3.0)", "dnspython (>=2.1)", "flake8 (>=4.0)", "mypy (>=0.990)", "types-setuptools (>=57.4)", "wheel (>=0.37)"]
docs = ["Sphinx (>=5.0)", "furo (==2022.6.21)", "sphinx-autobuild (>=2021.3.14)", "sphinx-autodoc-typehints (>=1.12)"]
pool = ["psycopg-pool"]
test = ["mypy (>=0.990)", "pproxy (>=2.7)", "pytest (>=6.2.5)", "pytest-asyncio (>=0.17)", "pytest-cov (>=3.0)", "pytest-randomly (>=3.5)"]

[[package]]
name = "psycopg-binary"
version = "3.1.8"
description = "PostgreSQL database adapter for Python -- C optimisation distribution"
category = "main"
optional = false
python-versions = ">=3.7"

[[package]]
name = "psycopg-pool"
version = "3.1.7"
description = "Connection Pool for Psycopg"
category = "main"
optional = false
python-versions = ">=3.7"

[package.dependencies]
typing-extensions = ">=3.10"

[[package]]
name = "pycodestyle"
version = "2.10.0"
description = "Python style guide checker"
category = "dev"
optional = false
python-versions = ">=3.6"

[[package]]
name = "pyerfa"
version = "2.0.0.3"
description = "Python bindings for ERFA"
category = "main"
optional = false
python-versions = ">=3.7"

[package.dependencies]
numpy = ">=1.17"

[package.extras]
docs = ["sphinx-astropy (>=1.3)"]
test = ["pytest", "pytest-doctestplus (>=0.7)"]

[[package]]
name = "pyflakes"
version = "3.0.1"
description = "passive checker of Python programs"
category = "dev"
optional = false
python-versions = ">=3.6"

[[package]]
name = "pylint"
version = "2.17.1"
description = "python code static checker"
category = "dev"
optional = false
python-versions = ">=3.7.2"

[package.dependencies]
astroid = ">=2.15.0,<=2.17.0-dev0"
colorama = {version = ">=0.4.5", markers = "sys_platform == \"win32\""}
dill = [
    {version = ">=0.2", markers = "python_version < \"3.11\""},
    {version = ">=0.3.6", markers = "python_version >= \"3.11\""},
]
isort = ">=4.2.5,<6"
mccabe = ">=0.6,<0.8"
platformdirs = ">=2.2.0"
tomli = {version = ">=1.1.0", markers = "python_version < \"3.11\""}
tomlkit = ">=0.10.1"

[package.extras]
spelling = ["pyenchant (>=3.2,<4.0)"]
testutils = ["gitpython (>3)"]

[[package]]
name = "pylint-junit"
version = "0.3.2"
description = "pylint reporter for junit format."
category = "dev"
optional = false
python-versions = "*"

[package.dependencies]
junit-xml-2 = "*"
pylint = "*"

[[package]]
name = "pyparsing"
version = "3.0.9"
description = "pyparsing module - Classes and methods to define and execute parsing grammars"
category = "main"
optional = false
python-versions = ">=3.6.8"

[package.extras]
diagrams = ["railroad-diagrams", "jinja2"]

[[package]]
name = "pypubsub"
version = "4.0.3"
description = "Python Publish-Subscribe Package"
category = "main"
optional = false
python-versions = ">=3.3, <4"

[[package]]
name = "pyrsistent"
version = "0.19.3"
description = "Persistent/Functional/Immutable data structures"
category = "main"
optional = false
python-versions = ">=3.7"

[[package]]
name = "pytango"
version = "9.4.1"
description = "A python binding for the Tango control system"
category = "main"
optional = false
python-versions = ">=3.6"

[package.dependencies]
numpy = ">=1.13.3"
packaging = "*"
psutil = "*"

[package.extras]
gevent = ["gevent (>=20.0)"]
tests = ["gevent (>=20)", "pytest", "pytest-forked"]

[[package]]
name = "pytest"
version = "7.2.2"
description = "pytest: simple powerful testing with Python"
category = "dev"
optional = false
python-versions = ">=3.7"

[package.dependencies]
attrs = ">=19.2.0"
colorama = {version = "*", markers = "sys_platform == \"win32\""}
exceptiongroup = {version = ">=1.0.0rc8", markers = "python_version < \"3.11\""}
iniconfig = "*"
packaging = "*"
pluggy = ">=0.12,<2.0"
tomli = {version = ">=1.0.0", markers = "python_version < \"3.11\""}

[package.extras]
testing = ["argcomplete", "hypothesis (>=3.56)", "mock", "nose", "pygments (>=2.7.2)", "requests", "xmlschema"]

[[package]]
name = "pytest-bdd"
version = "6.1.1"
description = "BDD for pytest"
category = "dev"
optional = false
python-versions = ">=3.7,<4.0"

[package.dependencies]
Mako = "*"
parse = "*"
parse-type = "*"
pytest = ">=6.2.0"
typing-extensions = "*"

[[package]]
name = "pytest-cov"
version = "4.0.0"
description = "Pytest plugin for measuring coverage."
category = "dev"
optional = false
python-versions = ">=3.6"

[package.dependencies]
coverage = {version = ">=5.2.1", extras = ["toml"]}
pytest = ">=4.6"

[package.extras]
testing = ["fields", "hunter", "process-tests", "six", "pytest-xdist", "virtualenv"]

[[package]]
name = "pytest-env"
version = "0.6.2"
description = "py.test plugin that allows you to add environment variables."
category = "dev"
optional = false
python-versions = "*"

[package.dependencies]
pytest = ">=2.6.0"

[[package]]
name = "pytest-json-report"
version = "1.5.0"
description = "A pytest plugin to report test results as JSON files"
category = "dev"
optional = false
python-versions = "*"

[package.dependencies]
pytest = ">=3.8.0"
pytest-metadata = "*"

[[package]]
name = "pytest-metadata"
version = "2.0.4"
description = "pytest plugin for test session metadata"
category = "dev"
optional = false
python-versions = ">=3.7,<4.0"

[package.dependencies]
pytest = ">=3.0.0,<8.0.0"

[[package]]
name = "pytest-mock"
version = "3.10.0"
description = "Thin-wrapper around the mock package for easier use with pytest"
category = "dev"
optional = false
python-versions = ">=3.7"

[package.dependencies]
pytest = ">=5.0"

[package.extras]
dev = ["pre-commit", "tox", "pytest-asyncio"]

[[package]]
name = "python-dateutil"
version = "2.8.2"
description = "Extensions to the standard Python datetime module"
category = "main"
optional = false
python-versions = "!=3.0.*,!=3.1.*,!=3.2.*,>=2.7"

[package.dependencies]
six = ">=1.5"

[[package]]
name = "pyyaml"
version = "6.0"
description = "YAML parser and emitter for Python"
category = "main"
optional = false
python-versions = ">=3.6"

[[package]]
name = "requests"
version = "2.28.2"
description = "Python HTTP for Humans."
category = "main"
optional = false
python-versions = ">=3.7, <4"

[package.dependencies]
certifi = ">=2017.4.17"
charset-normalizer = ">=2,<4"
idna = ">=2.5,<4"
urllib3 = ">=1.21.1,<1.27"

[package.extras]
socks = ["PySocks (>=1.5.6,!=1.5.7)"]
use_chardet_on_py3 = ["chardet (>=3.0.2,<6)"]

[[package]]
name = "requests-mock"
version = "1.10.0"
description = "Mock out responses from the requests package"
category = "dev"
optional = false
python-versions = "*"

[package.dependencies]
requests = ">=2.3,<3"
six = "*"

[package.extras]
fixture = ["fixtures"]
test = ["fixtures", "mock", "purl", "pytest", "sphinx", "testrepository (>=0.0.18)", "testtools", "requests-futures"]

[[package]]
name = "rfc3339-validator"
version = "0.1.4"
description = "A pure python RFC3339 validator"
category = "main"
optional = false
python-versions = ">=2.7, !=3.0.*, !=3.1.*, !=3.2.*, !=3.3.*, !=3.4.*"

[package.dependencies]
six = "*"

[[package]]
name = "ruamel.yaml"
version = "0.17.21"
description = "ruamel.yaml is a YAML parser/emitter that supports roundtrip preservation of comments, seq/map flow style, and map key order"
category = "main"
optional = false
python-versions = ">=3"

[package.dependencies]
"ruamel.yaml.clib" = {version = ">=0.2.6", markers = "platform_python_implementation == \"CPython\" and python_version < \"3.11\""}

[package.extras]
docs = ["ryd"]
jinja2 = ["ruamel.yaml.jinja2 (>=0.2)"]

[[package]]
name = "ruamel.yaml.clib"
version = "0.2.7"
description = "C version of reader, parser and emitter for ruamel.yaml derived from libyaml"
category = "main"
optional = false
python-versions = ">=3.5"

[[package]]
name = "semver"
version = "2.13.0"
description = "Python helper for Semantic Versioning (http://semver.org/)"
category = "main"
optional = false
python-versions = ">=2.7, !=3.0.*, !=3.1.*, !=3.2.*, !=3.3.*"

[[package]]
name = "six"
version = "1.16.0"
description = "Python 2 and 3 compatibility utilities"
category = "main"
optional = false
python-versions = ">=2.7, !=3.0.*, !=3.1.*, !=3.2.*"

[[package]]
name = "ska-db-oda"
version = "1.6.1"
description = "SKA Database OSO Data Archive"
category = "main"
optional = false
python-versions = ">=3.10,<4.0"

[package.dependencies]
connexion = ">=2.14.0,<3.0.0"
fire = ">=0.4.0,<0.5.0"
gunicorn = ">=20.1.0,<21.0.0"
mistune = "0.8.4"
prance = {version = ">=0.22.11,<0.23.0", extras = ["osv"]}
psycopg = {version = ">=3.0.15,<4.0.0", extras = ["binary"]}
psycopg-pool = ">=3.1.1,<4.0.0"
python-dateutil = ">=2.8.2,<3.0.0"
requests = ">=2.27.1,<3.0.0"
ska-oso-pdm = ">=10.0.1,<11.0.0"
ska-ser-logging = ">=0.4.1,<0.5.0"
swagger-ui-bundle = ">=0.0.9,<0.0.10"

[package.extras]
docs = ["Sphinx[docs] (>=5.1.1,<6.0.0)", "chardet[docs] (>=4.0.0,<5.0.0)", "docutils[docs] (>=0.16,<0.17)", "recommonmark[docs] (>=0.7.1,<0.8.0)", "sphinx-rtd-theme[docs] (>=1.0.0,<2.0.0)", "sphinxcontrib-openapi[docs] (>=0.7.0,<0.8.0)"]

[package.source]
type = "legacy"
url = "https://artefact.skao.int/repository/pypi-internal/simple"
reference = 'ska-nexus'

[[package]]
name = "ska-oso-oet-client"
version = "1.0.0"
description = "SKA Observation Execution Tool Client"
category = "dev"
optional = false
python-versions = ">=3.7,<4.0"

[package.dependencies]
fire = ">=0.4.0,<0.5.0"
requests = ">=2.27.1,<3.0.0"
ska-ser-logging = ">=0.4.1,<0.5.0"
sseclient = ">=0.0.27,<0.0.28"
tabulate = ">=0.8.9,<0.9.0"

[package.source]
type = "legacy"
url = "https://artefact.skao.int/repository/pypi-internal/simple"
reference = 'ska-nexus'

[[package]]
name = "ska-oso-pdm"
version = "10.1.0"
description = "SKA Project Data Model serialisation library"
category = "main"
optional = false
python-versions = ">=3.8,<4.0"

[package.dependencies]
astropy = ">=5.0.3,<6.0.0"
connexion = ">=2.14.1,<3.0.0"
marshmallow = ">=3.15.0,<4.0.0"
marshmallow-enum = ">=1.5.1,<2.0.0"
marshmallow-oneofschema = ">=3.0.1,<4.0.0"
python-dateutil = ">=2.8.2,<3.0.0"

[package.source]
type = "legacy"
url = "https://artefact.skao.int/repository/pypi-internal/simple"
reference = 'ska-nexus'

[[package]]
name = "ska-ser-logging"
version = "0.4.1+0a677a67"
description = "Square Kilometre Array logging configuration library"
category = "main"
optional = false
python-versions = ">=3.5"

[package.extras]
dev = ["prospector", "black", "isort"]

[package.source]
type = "legacy"
url = "https://artefact.skao.int/repository/pypi-internal/simple"
reference = 'ska-nexus'

[[package]]
name = "ska-ser-skuid"
version = "3.3.3"
description = "Library that generates ID's for the SKA project"
category = "main"
optional = false
python-versions = ">=3.6,<4.0"

[package.dependencies]
requests = ">=2.25.1,<3.0.0"
ska-ser-logging = ">=0.4.1,<0.5.0"

[package.source]
type = "legacy"
url = "https://artefact.skao.int/repository/pypi-internal/simple"
reference = 'ska-nexus'

[[package]]
name = "smmap"
version = "5.0.0"
description = "A pure Python implementation of a sliding window memory map manager"
category = "main"
optional = false
python-versions = ">=3.6"

[[package]]
name = "sseclient"
version = "0.0.27"
description = "Python client library for reading Server Sent Event streams."
category = "dev"
optional = false
python-versions = "*"

[package.dependencies]
requests = ">=2.9"
six = "*"

[[package]]
name = "swagger-ui-bundle"
version = "0.0.9"
description = "swagger_ui_bundle - swagger-ui files in a pip package"
category = "main"
optional = false
python-versions = "*"

[package.dependencies]
Jinja2 = ">=2.0"

[[package]]
name = "tabulate"
version = "0.8.10"
description = "Pretty-print tabular data"
category = "dev"
optional = false
python-versions = ">=2.7, !=3.0.*, !=3.1.*, !=3.2.*, !=3.3.*, !=3.4.*"

[package.extras]
widechars = ["wcwidth"]

[[package]]
name = "tblib"
version = "1.7.0"
description = "Traceback serialization library."
category = "main"
optional = false
python-versions = ">=2.7, !=3.0.*, !=3.1.*, !=3.2.*, !=3.3.*, !=3.4.*"

[[package]]
name = "termcolor"
version = "2.2.0"
description = "ANSI color formatting for output in terminal"
category = "main"
optional = false
python-versions = ">=3.7"

[package.extras]
tests = ["pytest", "pytest-cov"]

[[package]]
name = "tomli"
version = "2.0.1"
description = "A lil' TOML parser"
category = "dev"
optional = false
python-versions = ">=3.7"

[[package]]
name = "tomlkit"
version = "0.11.7"
description = "Style preserving TOML library"
category = "dev"
optional = false
python-versions = ">=3.7"

[[package]]
name = "typing-extensions"
version = "4.5.0"
description = "Backported and Experimental Type Hints for Python 3.7+"
category = "main"
optional = false
python-versions = ">=3.7"

[[package]]
name = "tzdata"
version = "2023.3"
description = "Provider of IANA time zone data"
category = "main"
optional = false
python-versions = ">=2"

[[package]]
name = "urllib3"
version = "1.26.15"
description = "HTTP library with thread-safe connection pooling, file post, and more."
category = "main"
optional = false
python-versions = ">=2.7, !=3.0.*, !=3.1.*, !=3.2.*, !=3.3.*, !=3.4.*, !=3.5.*"

[package.extras]
brotli = ["brotlicffi (>=0.8.0)", "brotli (>=1.0.9)", "brotlipy (>=0.6.0)"]
secure = ["pyOpenSSL (>=0.14)", "cryptography (>=1.3.4)", "idna (>=2.0.0)", "certifi", "urllib3-secure-extra", "ipaddress"]
socks = ["PySocks (>=1.5.6,!=1.5.7,<2.0)"]

[[package]]
name = "waitress"
version = "2.1.2"
description = "Waitress WSGI server"
category = "main"
optional = false
python-versions = ">=3.7.0"

[package.extras]
docs = ["Sphinx (>=1.8.1)", "docutils", "pylons-sphinx-themes (>=1.0.9)"]
testing = ["pytest", "pytest-cover", "coverage (>=5.0)"]

[[package]]
name = "werkzeug"
version = "2.2.3"
description = "The comprehensive WSGI web application library."
category = "main"
optional = false
python-versions = ">=3.7"

[package.dependencies]
MarkupSafe = ">=2.1.1"

[package.extras]
watchdog = ["watchdog"]

[[package]]
name = "wrapt"
version = "1.15.0"
description = "Module for decorators, wrappers and monkey patching."
category = "dev"
optional = false
python-versions = "!=3.0.*,!=3.1.*,!=3.2.*,!=3.3.*,!=3.4.*,>=2.7"

[extras]
docs = []

[metadata]
lock-version = "1.1"
python-versions = "^3.10"
content-hash = "f59ececb58ddb6c1265503b374a770f517fecb6900001c2888a55a0bad409f25"

[metadata.files]
astroid = []
astropy = []
attrs = []
black = []
certifi = []
chardet = []
charset-normalizer = []
click = [
    {file = "click-8.1.3-py3-none-any.whl", hash = "sha256:bb4d8133cb15a609f44e8213d9b391b0809795062913b383c62be0ee95b1db48"},
    {file = "click-8.1.3.tar.gz", hash = "sha256:7682dc8afb30297001674575ea00d1814d808d6a36af415a82bd481d37ba7b8e"},
]
clickclick = [
    {file = "clickclick-20.10.2-py2.py3-none-any.whl", hash = "sha256:c8f33e6d9ec83f68416dd2136a7950125bd256ec39ccc9a85c6e280a16be2bb5"},
    {file = "clickclick-20.10.2.tar.gz", hash = "sha256:4efb13e62353e34c5eef7ed6582c4920b418d7dedc86d819e22ee089ba01802c"},
]
colorama = []
connexion = []
coverage = []
dill = []
exceptiongroup = []
fire = [
    {file = "fire-0.4.0.tar.gz", hash = "sha256:c5e2b8763699d1142393a46d0e3e790c5eb2f0706082df8f647878842c216a62"},
]
flake8 = []
flask = []
gitdb = []
gitpython = []
gunicorn = [
    {file = "gunicorn-20.1.0-py3-none-any.whl", hash = "sha256:9dcc4547dbb1cb284accfb15ab5667a0e5d1881cc443e0677b4882a4067a807e"},
    {file = "gunicorn-20.1.0.tar.gz", hash = "sha256:e0a968b5ba15f8a328fdfd7ab1fcb5af4470c28aaf7e55df02a99bc13138e6e8"},
]
idna = []
inflection = [
    {file = "inflection-0.5.1-py2.py3-none-any.whl", hash = "sha256:f38b2b640938a4f35ade69ac3d053042959b62a0f1076a5bbaa1b9526605a8a2"},
    {file = "inflection-0.5.1.tar.gz", hash = "sha256:1a29730d366e996aaacffb2f1f1cb9593dc38e2ddd30c91250c6dde09ea9b417"},
]
iniconfig = []
isort = []
itsdangerous = [
    {file = "itsdangerous-2.1.2-py3-none-any.whl", hash = "sha256:2c2349112351b88699d8d4b6b075022c0808887cb7ad10069318a8b0bc88db44"},
    {file = "itsdangerous-2.1.2.tar.gz", hash = "sha256:5dbbc68b317e5e42f327f9021763545dc3fc3bfe22e6deb96aaf1fc38874156a"},
]
jinja2 = [
    {file = "Jinja2-3.1.2-py3-none-any.whl", hash = "sha256:6088930bfe239f0e6710546ab9c19c9ef35e29792895fed6e6e31a023a182a61"},
    {file = "Jinja2-3.1.2.tar.gz", hash = "sha256:31351a702a408a9e7595a8fc6150fc3f43bb6bf7e319770cbc0db9df9437e852"},
]
jsonpickle = []
jsonschema = []
jsonschema-spec = []
junit-xml-2 = [
    {file = "junit-xml-2-1.9.tar.gz", hash = "sha256:3b8d9635c5215f754c7807104f6493e3ea3bc9481e2d33db294560da3a1b00f7"},
    {file = "junit_xml_2-1.9-py2.py3-none-any.whl", hash = "sha256:05093d75fe11120ccd51293884b5ee334ff3bc4b5106647c2bcc928486600588"},
]
lazy-object-proxy = []
mako = []
markupsafe = []
marshmallow = []
marshmallow-enum = [
    {file = "marshmallow-enum-1.5.1.tar.gz", hash = "sha256:38e697e11f45a8e64b4a1e664000897c659b60aa57bfa18d44e226a9920b6e58"},
    {file = "marshmallow_enum-1.5.1-py2.py3-none-any.whl", hash = "sha256:57161ab3dbfde4f57adeb12090f39592e992b9c86d206d02f6bd03ebec60f072"},
]
marshmallow-oneofschema = [
    {file = "marshmallow-oneofschema-3.0.1.tar.gz", hash = "sha256:62cd2099b29188c92493c2940ee79d1bf2f2619a71721664e5a98ec2faa58237"},
    {file = "marshmallow_oneofschema-3.0.1-py2.py3-none-any.whl", hash = "sha256:bd29410a9f2f7457a2b428286e2a80ef76b8ddc3701527dc1f935a88914b02f2"},
]
mccabe = []
mistune = []
mock = []
mypy-extensions = []
numpy = []
openapi-schema-validator = []
openapi-spec-validator = []
packaging = [
    {file = "packaging-21.3-py3-none-any.whl", hash = "sha256:ef103e05f519cdc783ae24ea4e2e0f508a9c99b2d4969652eed6a2e1ea5bd522"},
    {file = "packaging-21.3.tar.gz", hash = "sha256:dd47c42927d89ab911e606518907cc2d3a1f38bbd026385970643f9c5b8ecfeb"},
]
parse = [
    {file = "parse-1.19.0.tar.gz", hash = "sha256:9ff82852bcb65d139813e2a5197627a94966245c897796760a3a2a8eb66f020b"},
]
parse-type = [
    {file = "parse_type-0.6.0-py2.py3-none-any.whl", hash = "sha256:c148e88436bd54dab16484108e882be3367f44952c649c9cd6b82a7370b650cb"},
    {file = "parse_type-0.6.0.tar.gz", hash = "sha256:20b43c660e48ed47f433bce5873a2a3d4b9b6a7ba47bd7f7d2a7cec4bec5551f"},
]
pathable = []
pathspec = []
platformdirs = []
pluggy = [
    {file = "pluggy-1.0.0-py2.py3-none-any.whl", hash = "sha256:74134bbf457f031a36d68416e1509f34bd5ccc019f0bcc952c7b909d06b37bd3"},
    {file = "pluggy-1.0.0.tar.gz", hash = "sha256:4224373bacce55f955a878bf9cfa763c1e360858e330072059e10bad68531159"},
]
prance = []
psutil = []
psycopg = []
psycopg-binary = []
psycopg-pool = []
pycodestyle = []
pyerfa = []
pyflakes = []
pylint = []
pylint-junit = [
    {file = "pylint_junit-0.3.2.tar.gz", hash = "sha256:c6dbe956e55bb9b365d86e2ec77b58df6b95262b5515d187ac54b8359507174b"},
]
pyparsing = [
    {file = "pyparsing-3.0.9-py3-none-any.whl", hash = "sha256:5026bae9a10eeaefb61dab2f09052b9f4307d44aee4eda64b309723d8d206bbc"},
    {file = "pyparsing-3.0.9.tar.gz", hash = "sha256:2b020ecf7d21b687f219b71ecad3631f644a47f01403fa1d1036b0c6416d70fb"},
]
pypubsub = [
    {file = "Pypubsub-4.0.3-py3-none-any.whl", hash = "sha256:7f716bae9388afe01ff82b264ba8a96a8ae78b42bb1f114f2716ca8f9e404e2a"},
]
pyrsistent = []
pytango = []
pytest = []
pytest-bdd = []
pytest-cov = []
pytest-env = [
    {file = "pytest-env-0.6.2.tar.gz", hash = "sha256:7e94956aef7f2764f3c147d216ce066bf6c42948bb9e293169b1b1c880a580c2"},
]
pytest-json-report = [
    {file = "pytest-json-report-1.5.0.tar.gz", hash = "sha256:2dde3c647851a19b5f3700729e8310a6e66efb2077d674f27ddea3d34dc615de"},
    {file = "pytest_json_report-1.5.0-py3-none-any.whl", hash = "sha256:9897b68c910b12a2e48dd849f9a284b2c79a732a8a9cb398452ddd23d3c8c325"},
]
pytest-metadata = []
pytest-mock = []
python-dateutil = [
    {file = "python-dateutil-2.8.2.tar.gz", hash = "sha256:0123cacc1627ae19ddf3c27a5de5bd67ee4586fbdd6440d9748f8abb483d3e86"},
    {file = "python_dateutil-2.8.2-py2.py3-none-any.whl", hash = "sha256:961d03dc3453ebbc59dbdea9e4e11c5651520a876d0f4db161e8674aae935da9"},
]
pyyaml = [
    {file = "PyYAML-6.0-cp310-cp310-macosx_10_9_x86_64.whl", hash = "sha256:d4db7c7aef085872ef65a8fd7d6d09a14ae91f691dec3e87ee5ee0539d516f53"},
    {file = "PyYAML-6.0-cp310-cp310-macosx_11_0_arm64.whl", hash = "sha256:9df7ed3b3d2e0ecfe09e14741b857df43adb5a3ddadc919a2d94fbdf78fea53c"},
    {file = "PyYAML-6.0-cp310-cp310-manylinux_2_17_aarch64.manylinux2014_aarch64.whl", hash = "sha256:77f396e6ef4c73fdc33a9157446466f1cff553d979bd00ecb64385760c6babdc"},
    {file = "PyYAML-6.0-cp310-cp310-manylinux_2_17_s390x.manylinux2014_s390x.whl", hash = "sha256:a80a78046a72361de73f8f395f1f1e49f956c6be882eed58505a15f3e430962b"},
    {file = "PyYAML-6.0-cp310-cp310-manylinux_2_5_x86_64.manylinux1_x86_64.manylinux_2_12_x86_64.manylinux2010_x86_64.whl", hash = "sha256:f84fbc98b019fef2ee9a1cb3ce93e3187a6df0b2538a651bfb890254ba9f90b5"},
    {file = "PyYAML-6.0-cp310-cp310-win32.whl", hash = "sha256:2cd5df3de48857ed0544b34e2d40e9fac445930039f3cfe4bcc592a1f836d513"},
    {file = "PyYAML-6.0-cp310-cp310-win_amd64.whl", hash = "sha256:daf496c58a8c52083df09b80c860005194014c3698698d1a57cbcfa182142a3a"},
    {file = "PyYAML-6.0-cp36-cp36m-macosx_10_9_x86_64.whl", hash = "sha256:897b80890765f037df3403d22bab41627ca8811ae55e9a722fd0392850ec4d86"},
    {file = "PyYAML-6.0-cp36-cp36m-manylinux_2_17_aarch64.manylinux2014_aarch64.whl", hash = "sha256:50602afada6d6cbfad699b0c7bb50d5ccffa7e46a3d738092afddc1f9758427f"},
    {file = "PyYAML-6.0-cp36-cp36m-manylinux_2_17_s390x.manylinux2014_s390x.whl", hash = "sha256:48c346915c114f5fdb3ead70312bd042a953a8ce5c7106d5bfb1a5254e47da92"},
    {file = "PyYAML-6.0-cp36-cp36m-manylinux_2_5_x86_64.manylinux1_x86_64.manylinux_2_12_x86_64.manylinux2010_x86_64.whl", hash = "sha256:98c4d36e99714e55cfbaaee6dd5badbc9a1ec339ebfc3b1f52e293aee6bb71a4"},
    {file = "PyYAML-6.0-cp36-cp36m-win32.whl", hash = "sha256:0283c35a6a9fbf047493e3a0ce8d79ef5030852c51e9d911a27badfde0605293"},
    {file = "PyYAML-6.0-cp36-cp36m-win_amd64.whl", hash = "sha256:07751360502caac1c067a8132d150cf3d61339af5691fe9e87803040dbc5db57"},
    {file = "PyYAML-6.0-cp37-cp37m-macosx_10_9_x86_64.whl", hash = "sha256:819b3830a1543db06c4d4b865e70ded25be52a2e0631ccd2f6a47a2822f2fd7c"},
    {file = "PyYAML-6.0-cp37-cp37m-manylinux_2_17_aarch64.manylinux2014_aarch64.whl", hash = "sha256:473f9edb243cb1935ab5a084eb238d842fb8f404ed2193a915d1784b5a6b5fc0"},
    {file = "PyYAML-6.0-cp37-cp37m-manylinux_2_17_s390x.manylinux2014_s390x.whl", hash = "sha256:0ce82d761c532fe4ec3f87fc45688bdd3a4c1dc5e0b4a19814b9009a29baefd4"},
    {file = "PyYAML-6.0-cp37-cp37m-manylinux_2_5_x86_64.manylinux1_x86_64.manylinux_2_12_x86_64.manylinux2010_x86_64.whl", hash = "sha256:231710d57adfd809ef5d34183b8ed1eeae3f76459c18fb4a0b373ad56bedcdd9"},
    {file = "PyYAML-6.0-cp37-cp37m-win32.whl", hash = "sha256:c5687b8d43cf58545ade1fe3e055f70eac7a5a1a0bf42824308d868289a95737"},
    {file = "PyYAML-6.0-cp37-cp37m-win_amd64.whl", hash = "sha256:d15a181d1ecd0d4270dc32edb46f7cb7733c7c508857278d3d378d14d606db2d"},
    {file = "PyYAML-6.0-cp38-cp38-macosx_10_9_x86_64.whl", hash = "sha256:0b4624f379dab24d3725ffde76559cff63d9ec94e1736b556dacdfebe5ab6d4b"},
    {file = "PyYAML-6.0-cp38-cp38-manylinux_2_17_aarch64.manylinux2014_aarch64.whl", hash = "sha256:213c60cd50106436cc818accf5baa1aba61c0189ff610f64f4a3e8c6726218ba"},
    {file = "PyYAML-6.0-cp38-cp38-manylinux_2_17_s390x.manylinux2014_s390x.whl", hash = "sha256:9fa600030013c4de8165339db93d182b9431076eb98eb40ee068700c9c813e34"},
    {file = "PyYAML-6.0-cp38-cp38-manylinux_2_5_x86_64.manylinux1_x86_64.manylinux_2_12_x86_64.manylinux2010_x86_64.whl", hash = "sha256:277a0ef2981ca40581a47093e9e2d13b3f1fbbeffae064c1d21bfceba2030287"},
    {file = "PyYAML-6.0-cp38-cp38-win32.whl", hash = "sha256:d4eccecf9adf6fbcc6861a38015c2a64f38b9d94838ac1810a9023a0609e1b78"},
    {file = "PyYAML-6.0-cp38-cp38-win_amd64.whl", hash = "sha256:1e4747bc279b4f613a09eb64bba2ba602d8a6664c6ce6396a4d0cd413a50ce07"},
    {file = "PyYAML-6.0-cp39-cp39-macosx_10_9_x86_64.whl", hash = "sha256:055d937d65826939cb044fc8c9b08889e8c743fdc6a32b33e2390f66013e449b"},
    {file = "PyYAML-6.0-cp39-cp39-macosx_11_0_arm64.whl", hash = "sha256:e61ceaab6f49fb8bdfaa0f92c4b57bcfbea54c09277b1b4f7ac376bfb7a7c174"},
    {file = "PyYAML-6.0-cp39-cp39-manylinux_2_17_aarch64.manylinux2014_aarch64.whl", hash = "sha256:d67d839ede4ed1b28a4e8909735fc992a923cdb84e618544973d7dfc71540803"},
    {file = "PyYAML-6.0-cp39-cp39-manylinux_2_17_s390x.manylinux2014_s390x.whl", hash = "sha256:cba8c411ef271aa037d7357a2bc8f9ee8b58b9965831d9e51baf703280dc73d3"},
    {file = "PyYAML-6.0-cp39-cp39-manylinux_2_5_x86_64.manylinux1_x86_64.manylinux_2_12_x86_64.manylinux2010_x86_64.whl", hash = "sha256:40527857252b61eacd1d9af500c3337ba8deb8fc298940291486c465c8b46ec0"},
    {file = "PyYAML-6.0-cp39-cp39-win32.whl", hash = "sha256:b5b9eccad747aabaaffbc6064800670f0c297e52c12754eb1d976c57e4f74dcb"},
    {file = "PyYAML-6.0-cp39-cp39-win_amd64.whl", hash = "sha256:b3d267842bf12586ba6c734f89d1f5b871df0273157918b0ccefa29deb05c21c"},
    {file = "PyYAML-6.0.tar.gz", hash = "sha256:68fb519c14306fec9720a2a5b45bc9f0c8d1b9c72adf45c37baedfcd949c35a2"},
]
requests = []
requests-mock = []
rfc3339-validator = []
"ruamel.yaml" = []
"ruamel.yaml.clib" = []
semver = []
six = [
    {file = "six-1.16.0-py2.py3-none-any.whl", hash = "sha256:8abb2f1d86890a2dfb989f9a77cfcfd3e47c2a354b01111771326f8aa26e0254"},
    {file = "six-1.16.0.tar.gz", hash = "sha256:1e61c37477a1626458e36f7b1d82aa5c9b094fa4802892072e49de9c60c4c926"},
]
ska-db-oda = [
    {file = "ska_db_oda-1.6.1-py3-none-any.whl", hash = "sha256:67ccd2bf760cd5ff8e9bcdf36f189738ebbd1ad44a583834253886530f5eaa52"},
    {file = "ska_db_oda-1.6.1.tar.gz", hash = "sha256:02683b26981c05a0eee518a56411a4a755c15dae616b9d57ca6f59ba843d1b83"},
]
ska-oso-oet-client = [
    {file = "ska_oso_oet_client-1.0.0-py3-none-any.whl", hash = "sha256:c6d9b3c454c66043b1d06669d4b55ab37e5da2382d5636c5ac2d448fd5b9ea1f"},
    {file = "ska_oso_oet_client-1.0.0.tar.gz", hash = "sha256:143ef896ad568ded4619e8df849a90615e76c45a98d13df8d7c7af7ced3c8a46"},
]
ska-oso-pdm = [
    {file = "ska_oso_pdm-10.1.0-py3-none-any.whl", hash = "sha256:ad49c5df842e5eb59dfc05d8a2f72d8a37b39e98dd06abe30596b2c39f41334f"},
    {file = "ska_oso_pdm-10.1.0.tar.gz", hash = "sha256:a1db329d2516cd6b11671b97c90b0ff0ce869a80341ba9fc9145005beaee0630"},
]
ska-ser-logging = [
    {file = "ska_ser_logging-0.4.1+0a677a67-py3-none-any.whl", hash = "sha256:8b2bf14e9981966c22503b6b6477b6386dec1def1f71295579f0686d55b83841"},
    {file = "ska_ser_logging-0.4.1+0a677a67.tar.gz", hash = "sha256:558622000db39668d3a35b6986af9d70dac36635826636ef2c07f816a149a06d"},
]
ska-ser-skuid = [
    {file = "ska-ser-skuid-3.3.3.tar.gz", hash = "sha256:91ad1dda3e3a397e39dbb362046888f5a80e4f5ef022628cde7ccc93c4d9b057"},
    {file = "ska_ser_skuid-3.3.3-py3-none-any.whl", hash = "sha256:743a4170024d208be49d262af2a326644356ef0933dd001cada05bbfcb1f67cd"},
]
smmap = []
sseclient = [
    {file = "sseclient-0.0.27.tar.gz", hash = "sha256:b2fe534dcb33b1d3faad13d60c5a7c718e28f85987f2a034ecf5ec279918c11c"},
]
swagger-ui-bundle = [
    {file = "swagger_ui_bundle-0.0.9-py3-none-any.whl", hash = "sha256:cea116ed81147c345001027325c1ddc9ca78c1ee7319935c3c75d3669279d575"},
    {file = "swagger_ui_bundle-0.0.9.tar.gz", hash = "sha256:b462aa1460261796ab78fd4663961a7f6f347ce01760f1303bbbdf630f11f516"},
]
tabulate = []
tblib = [
    {file = "tblib-1.7.0-py2.py3-none-any.whl", hash = "sha256:289fa7359e580950e7d9743eab36b0691f0310fce64dee7d9c31065b8f723e23"},
    {file = "tblib-1.7.0.tar.gz", hash = "sha256:059bd77306ea7b419d4f76016aef6d7027cc8a0785579b5aad198803435f882c"},
]
termcolor = []
tomli = [
    {file = "tomli-2.0.1-py3-none-any.whl", hash = "sha256:939de3e7a6161af0c887ef91b7d41a53e7c5a1ca976325f429cb46ea9bc30ecc"},
    {file = "tomli-2.0.1.tar.gz", hash = "sha256:de526c12914f0c550d15924c62d72abc48d6fe7364aa87328337a31007fe8a4f"},
]
tomlkit = []
typing-extensions = []
tzdata = []
urllib3 = []
waitress = []
werkzeug = []
wrapt = []
